
Microsoft Visual Studio Solution File, Format Version 12.00
# Visual Studio Version 17
VisualStudioVersion = 17.2.32526.322
MinimumVisualStudioVersion = 10.0.40219.1
Project("{FAE04EC0-301F-11D3-BF4B-00C04F79EFBC}") = "Picture Viwer", "Picture Viwer.csproj", "{4BD38A5B-A021-4D08-A10C-A0AE6AB90120}"
EndProject
Global
	GlobalSection(SolutionConfigurationPlatforms) = preSolution
		Debug|Any CPU = Debug|Any CPU
		Release|Any CPU = Release|Any CPU
	EndGlobalSection
	GlobalSection(ProjectConfigurationPlatforms) = postSolution
		{4BD38A5B-A021-4D08-A10C-A0AE6AB90120}.Debug|Any CPU.ActiveCfg = Debug|Any CPU
		{4BD38A5B-A021-4D08-A10C-A0AE6AB90120}.Debug|Any CPU.Build.0 = Debug|Any CPU
		{4BD38A5B-A021-4D08-A10C-A0AE6AB90120}.Release|Any CPU.ActiveCfg = Release|Any CPU
		{4BD38A5B-A021-4D08-A10C-A0AE6AB90120}.Release|Any CPU.Build.0 = Release|Any CPU
	EndGlobalSection
	GlobalSection(SolutionProperties) = preSolution
		HideSolutionNode = FALSE
	EndGlobalSection
	GlobalSection(ExtensibilityGlobals) = postSolution
		SolutionGuid = {4702D9A5-21C7-4F87-B64C-EA43FD47B0C9}
	EndGlobalSection
EndGlobal
